<?xml version="1.0" encoding="utf-8"?>
<Project ToolsVersion="4.0" xmlns="http://schemas.microsoft.com/developer/msbuild/2003">
  <ItemGroup>
    <Filter Include="Source Files">
      <UniqueIdentifier>{4FC737F1-C7A5-4376-A066-2A32D752A2FF}</UniqueIdentifier>
      <Extensions>cpp;c;cc;cxx;c++;cppm;ixx;def;odl;idl;hpj;bat;asm;asmx</Extensions>
    </Filter>
    <Filter Include="Header Files">
      <UniqueIdentifier>{93995380-89BD-4b04-88EB-625FBE52EBFB}</UniqueIdentifier>
      <Extensions>h;hh;hpp;hxx;h++;hm;inl;inc;ipp;xsd</Extensions>
    </Filter>
    <Filter Include="Resource Files">
      <UniqueIdentifier>{67DA6AB6-F800-4c08-8B7A-83BB121AAD01}</UniqueIdentifier>
      <Extensions>rc;ico;cur;bmp;dlg;rc2;rct;bin;rgs;gif;jpg;jpeg;jpe;resx;tiff;tif;png;wav;mfcribbon-ms</Extensions>
    </Filter>
  </ItemGroup>
  <ItemGroup>
    <ClCompile Include="Home.cpp">
      <Filter>Source Files</Filter>
    </ClCompile>
    <ClCompile Include="menuview.cpp">
      <Filter>Source Files</Filter>
    </ClCompile>
    <ClCompile Include="Appointment.cpp">
      <Filter>Source Files</Filter>
    </ClCompile>
    <ClCompile Include="Appointment2.cpp">
      <Filter>Source Files</Filter>
    </ClCompile>
    <ClCompile Include="Patient.cpp">
      <Filter>Source Files</Filter>
    </ClCompile>
    <ClCompile Include="Patient2.cpp">
      <Filter>Source Files</Filter>
    </ClCompile>
    <ClCompile Include="Patient3.cpp">
      <Filter>Source Files</Filter>
    </ClCompile>
    <ClCompile Include="Disease.cpp">
      <Filter>Source Files</Filter>
    </ClCompile>
    <ClCompile Include="Injury.cpp">
      <Filter>Source Files</Filter>
    </ClCompile>
    <ClCompile Include="Patient4.cpp">
      <Filter>Source Files</Filter>
    </ClCompile>
    <ClCompile Include="Emergency.cpp">
      <Filter>Source Files</Filter>
    </ClCompile>
    <ClCompile Include="Emergency2.cpp">
      <Filter>Source Files</Filter>
    </ClCompile>
    <ClCompile Include="Emergency3.cpp">
      <Filter>Source Files</Filter>
    </ClCompile>
    <ClCompile Include="Visitin.cpp">
      <Filter>Source Files</Filter>
    </ClCompile>
    <ClCompile Include="Visitout.cpp">
      <Filter>Source Files</Filter>
    </ClCompile>
    <ClCompile Include="Operations.cpp">
      <Filter>Source Files</Filter>
    </ClCompile>
    <ClCompile Include="Adddoctor.cpp">
      <Filter>Source Files</Filter>
    </ClCompile>
    <ClCompile Include="AddNurse.cpp">
      <Filter>Source Files</Filter>
    </ClCompile>
    <ClCompile Include="Vdoctor.cpp">
      <Filter>Source Files</Filter>
    </ClCompile>
    <ClCompile Include="Vnurse.cpp">
      <Filter>Source Files</Filter>
    </ClCompile>
    <ClCompile Include="Vemegency.cpp">
      <Filter>Source Files</Filter>
    </ClCompile>
    <ClCompile Include="Vemergency2.cpp">
      <Filter>Source Files</Filter>
    </ClCompile>
    <ClCompile Include="Vappointment.cpp">
      <Filter>Source Files</Filter>
    </ClCompile>
    <ClCompile Include="Vvisitor.cpp">
      <Filter>Source Files</Filter>
    </ClCompile>
    <ClCompile Include="Vpatient.cpp">
      <Filter>Source Files</Filter>
    </ClCompile>
    <ClCompile Include="VPatient2.cpp">
      <Filter>Source Files</Filter>
    </ClCompile>
    <ClCompile Include="VOperations.cpp">
      <Filter>Source Files</Filter>
    </ClCompile>
  </ItemGroup>
  <ItemGroup>
    <ClInclude Include="Home.h">
      <Filter>Header Files</Filter>
    </ClInclude>
    <ClInclude Include="menuview.h">
      <Filter>Header Files</Filter>
    </ClInclude>
    <ClInclude Include="Appointment.h">
      <Filter>Header Files</Filter>
    </ClInclude>
    <ClInclude Include="Appointment2.h">
      <Filter>Header Files</Filter>
    </ClInclude>
    <ClInclude Include="Patient.h">
      <Filter>Header Files</Filter>
    </ClInclude>
    <ClInclude Include="Patient2.h">
      <Filter>Header Files</Filter>
    </ClInclude>
    <ClInclude Include="Patient3.h">
      <Filter>Header Files</Filter>
    </ClInclude>
    <ClInclude Include="Disease.h">
      <Filter>Header Files</Filter>
    </ClInclude>
    <ClInclude Include="Injury.h">
      <Filter>Header Files</Filter>
    </ClInclude>
    <ClInclude Include="Patient4.h">
      <Filter>Header Files</Filter>
    </ClInclude>
    <ClInclude Include="Emergency.h">
      <Filter>Header Files</Filter>
    </ClInclude>
    <ClInclude Include="Emergency2.h">
      <Filter>Header Files</Filter>
    </ClInclude>
    <ClInclude Include="Emergency3.h">
      <Filter>Header Files</Filter>
    </ClInclude>
    <ClInclude Include="Visitin.h">
      <Filter>Header Files</Filter>
    </ClInclude>
    <ClInclude Include="Visitout.h">
      <Filter>Header Files</Filter>
    </ClInclude>
    <ClInclude Include="Operations.h">
      <Filter>Header Files</Filter>
    </ClInclude>
    <ClInclude Include="Adddoctor.h">
      <Filter>Header Files</Filter>
    </ClInclude>
    <ClInclude Include="AddNurse.h">
      <Filter>Header Files</Filter>
    </ClInclude>
    <ClInclude Include="Vdoctor.h">
      <Filter>Header Files</Filter>
    </ClInclude>
    <ClInclude Include="Vnurse.h">
      <Filter>Header Files</Filter>
    </ClInclude>
    <ClInclude Include="Vemegency.h">
      <Filter>Header Files</Filter>
    </ClInclude>
    <ClInclude Include="Vemergency2.h">
      <Filter>Header Files</Filter>
    </ClInclude>
    <ClInclude Include="Vappointment.h">
      <Filter>Header Files</Filter>
    </ClInclude>
    <ClInclude Include="Vvisitor.h">
      <Filter>Header Files</Filter>
    </ClInclude>
    <ClInclude Include="Vpatient.h">
      <Filter>Header Files</Filter>
    </ClInclude>
    <ClInclude Include="VPatient2.h">
      <Filter>Header Files</Filter>
    </ClInclude>
    <ClInclude Include="VOperations.h">
      <Filter>Header Files</Filter>
    </ClInclude>
  </ItemGroup>
</Project>